SITE
  remote: http://community.opscode.com/api/v1
  specs:
    apt (1.9.2)
    build-essential (1.3.4)
    chef_handler (1.1.4)
    composer (0.0.3)
      php (>= 0.0.0)
    dmg (1.1.0)
    erlang (1.2.0)
      build-essential (>= 0.0.0)
      yum (>= 0.5.0)
    git (2.4.0)
      build-essential (>= 0.0.0)
      dmg (>= 0.0.0)
      runit (~> 1.0)
      windows (>= 0.0.0)
      yum (>= 0.0.0)
    jolicode-php (1.0.0)
    mysql (3.0.0)
      build-essential (>= 0.0.0)
      openssl (>= 0.0.0)
    openssl (1.0.2)
    php (1.1.8)
      build-essential (>= 0.0.0)
      mysql (>= 0.0.0)
      xml (>= 0.0.0)
    python (1.2.2)
      build-essential (>= 0.0.0)
      yum (>= 0.0.0)
    rabbitmq (2.0.0)
      erlang (>= 0.9)
    runit (1.1.2)
      build-essential (>= 0.0.0)
      yum (>= 0.0.0)
    windows (1.8.8)
      chef_handler (>= 0.0.0)
    xml (1.1.2)
      build-essential (>= 0.0.0)
    yum (2.2.0)

GIT
  remote: https://github.com/andygrunwald/chef-cvsanaly
  ref: master
  sha: ca95fe7d6870aae9688c3d882b7998eca45f74b4
  specs:
    cvsanaly (0.1.0)

GIT
  remote: https://github.com/andygrunwald/chef-repositoryhandler
  ref: master
  sha: b46af78a964cadd3e6922db3387e98eb2ca1bb9f
  specs:
    repositoryhandler (0.1.0)

GIT
  remote: https://github.com/andygrunwald/chef-typo3analytics
  ref: master
  sha: cfc3fc67aee698cf2766d20bbf3d89f4f91f92e7
  specs:
    typo3analytics (0.1.0)

DEPENDENCIES
  apt (>= 0)
  composer (>= 0)
  cvsanaly (>= 0)
  git (>= 0)
  jolicode-php (>= 0)
  mysql (>= 0)
  php (>= 0)
  python (>= 0)
  rabbitmq (>= 0)
  repositoryhandler (>= 0)
  typo3analytics (>= 0)

