SITE
  remote: http://community.opscode.com/api/v1
  specs:
    apt (2.1.0)
    aws (0.101.2)
    build-essential (1.4.0)
    chef_handler (1.1.4)
    composer (0.0.5)
      php (>= 0.0.0)
    database (1.4.0)
      aws (>= 0.0.0)
      mysql (>= 1.3.0)
      postgresql (>= 1.0.0)
      xfs (>= 0.0.0)
    dmg (1.1.0)
    erlang (1.3.0)
      apt (>= 1.7.0)
      build-essential (>= 0.0.0)
      yum (>= 0.5.0)
    git (2.5.2)
      build-essential (>= 0.0.0)
      dmg (>= 0.0.0)
      runit (>= 1.0)
      windows (>= 0.0.0)
      yum (>= 0.0.0)
    mysql (3.0.2)
      build-essential (> 1.1.0)
      openssl (>= 0.0.0)
    openssl (1.0.2)
    php (1.2.2)
      build-essential (>= 0.0.0)
      mysql (>= 0.0.0)
      xml (>= 0.0.0)
    postgresql (3.0.2)
      apt (>= 0.0.0)
      build-essential (>= 0.0.0)
      openssl (>= 0.0.0)
    python (1.3.6)
      build-essential (>= 0.0.0)
      yum (>= 0.0.0)
    rabbitmq (2.1.2)
      erlang (>= 0.9)
    rubygems (0.3.0)
    runit (1.1.6)
      build-essential (>= 0.0.0)
      yum (>= 0.0.0)
    vim (1.0.2)
    windows (1.10.0)
      chef_handler (>= 0.0.0)
    xfs (1.1.0)
    xml (1.1.2)
      build-essential (>= 0.0.0)
    yum (2.3.0)

GIT
  remote: https://github.com/andygrunwald/chef-cvsanaly
  ref: master
  sha: 9430fb50bed7e8280554b87cab0b5baf601f0026
  specs:
    cvsanaly (1.0.1)
      repositoryhandler (>= 0.0.0)

GIT
  remote: https://github.com/andygrunwald/chef-github-linguist
  ref: master
  sha: 95f18b841805cc25bed2bb61604d087d7c661528
  specs:
    github-linguist (1.0.1)
      git (>= 0.0.0)
      rubygems (>= 0.0.0)

GIT
  remote: https://github.com/andygrunwald/chef-repositoryhandler
  ref: master
  sha: aea1430d2ee04b8e989d5b3a34c5bfd885579cc3
  specs:
    repositoryhandler (1.0.1)
      git (>= 0.0.0)
      python (>= 0.0.0)

GIT
  remote: https://github.com/andygrunwald/chef-typo3analytics
  ref: master
  sha: 5a857ee101c22d9ea9baf045a7df1761d8596a0b
  specs:
    typo3analytics (1.2.4)
      composer (>= 0.0.0)
      database (>= 0.0.0)
      mysql (>= 0.0.0)
      supervisor (>= 0.0.0)

GIT
  remote: https://github.com/andygrunwald/supervisor
  ref: develop
  sha: 790ff0b223e6405379afd871230dc3108ab44769
  specs:
    supervisor (0.4.5)
      python (>= 0.0.0)

DEPENDENCIES
  apt (>= 0)
  build-essential (>= 0)
  composer (>= 0)
  cvsanaly (>= 0)
  git (>= 0)
  github-linguist (>= 0)
  mysql (>= 0)
  php (>= 0)
  python (>= 0)
  rabbitmq (>= 0)
  repositoryhandler (>= 0)
  supervisor (>= 0)
  typo3analytics (>= 0)
  vim (>= 0)

